version = 1
revision = 3
requires-python = "==3.12.*"

[[package]]
name = "apache-flink"
version = "1.9.3"
source = { registry = "https://pypi.org/simple" }
dependencies = [
    { name = "py4j" },
    { name = "python-dateutil" },
]
sdist = { url = "https://files.pythonhosted.org/packages/66/d6/0795a8bedeb0b5154b334cb6a50b1bea8963eef5613fd1f667537aecdf47/apache-flink-1.9.3.tar.gz", hash = "sha256:65ad0188a6a028265add28f45680cd89ab6928ea7f34dcaaa4cb9fa878de3cd3", size = 251175230, upload-time = "2020-04-24T02:08:45.359Z" }

[[package]]
name = "click"
version = "8.4.2"
source = { registry = "https://pypi.org/simple" }
dependencies = [
    { name = "colorama", marker = "sys_platform == 'win32'" },
]
sdist = { url = "https://files.pythonhosted.org/packages/76/d4/81420972a676e8ffea40450d8c8c92943e7218a78fe9b64359836cc9876b/click-8.4.2.tar.gz", hash = "sha256:9a6cea6e60b17ebe0a44c5cc636d94f09bd66142c1cd7d8b4cd731c4917a15f6", size = 338000, upload-time = "2026-06-24T17:45:15.148Z" }
wheels = [
    { url = "https://files.pythonhosted.org/packages/fb/e2/79c688af8b210d232694e31e59da9f6ec747bae31c3f5946e4e9b98860d5/click-8.4.2-py3-none-any.whl", hash = "sha256:e6f9f66136c816745b9d65817da91d61d957fb16e02e4dcd0552553c5a197b76", size = 119243, upload-time = "2026-06-24T17:45:13.73Z" },
]

[[package]]
name = "colorama"
version = "0.4.6"
source = { registry = "https://pypi.org/simple" }
sdist = { url = "https://files.pythonhosted.org/packages/d8/53/6f443c9a4a8358a93a6792e2acffb9d9d5cb0a5cfd8802644b7b1c9a02e4/colorama-0.4.6.tar.gz", hash = "sha256:08695f5cb7ed6e0531a20572697297273c47b8cae5a63ffc6d6ed5c201be6e44", size = 27697, upload-time = "2022-10-25T02:36:22.414Z" }
wheels = [
    { url = "https://files.pythonhosted.org/packages/d1/d6/3965ed04c63042e047cb6a3e6ed1a63a35087b6a609aa3a15ed8ac56c221/colorama-0.4.6-py2.py3-none-any.whl", hash = "sha256:4f1d9991f5acc0ca119f9d443620b77f9d6b33703e51011c16baf57afb285fc6", size = 25335, upload-time = "2022-10-25T02:36:20.889Z" },
]

[[package]]
name = "coverage"
version = "7.14.3"
source = { registry = "https://pypi.org/simple" }
sdist = { url = "https://files.pythonhosted.org/packages/b4/91/0a7c28934e50d8ac9a7b117712d176f2953c3170bccced5eaacfa3e96175/coverage-7.14.3.tar.gz", hash = "sha256:1a7563a443f3d53fdeb040ec8c9f7466aed7ca3dc5891aa09d3ca3625fa4387f", size = 924398, upload-time = "2026-06-22T23:10:25.584Z" }
wheels = [
    { url = "https://files.pythonhosted.org/packages/bd/b0/8a911f6ffe6974dac4df95b468ab9a2899d0e59f0f99a489afeec39f00bc/coverage-7.14.3-cp312-cp312-macosx_10_13_x86_64.whl", hash = "sha256:3d74ff26299c4879ce3a4d826f9d3d4d556fd285fde7bbce3c0ef5a8ab1cec24", size = 220672, upload-time = "2026-06-22T23:08:26.621Z" },
    { url = "https://files.pythonhosted.org/packages/36/16/0fc0cb52538783dbbae0934b834f5a58fd5354380ee6cad4a07b15dc845d/coverage-7.14.3-cp312-cp312-macosx_11_0_arm64.whl", hash = "sha256:96150a9cf3468ea20f0bc5d0e21b3df8972c31480ef90fa7614b773cc6429665", size = 221035, upload-time = "2026-06-22T23:08:28.372Z" },
    { url = "https://files.pythonhosted.org/packages/77/e2/421ccfbb48335ac49e93301478cf5d623b0c2bf1c0cadd8e2b2fc6c0c710/coverage-7.14.3-cp312-cp312-manylinux1_i686.manylinux_2_28_i686.manylinux_2_5_i686.whl", hash = "sha256:27d07a46500ba23515b838dbcf52512026af04090755cf6cc64166d88c9b9a1a", size = 252540, upload-time = "2026-06-22T23:08:30.226Z" },
    { url = "https://files.pythonhosted.org/packages/06/c2/05b8c890097c61a7f4406b35396b997a635200ded0339eda83dfbe526c5f/coverage-7.14.3-cp312-cp312-manylinux1_x86_64.manylinux_2_28_x86_64.manylinux_2_5_x86_64.whl", hash = "sha256:621e13c6108234d7960aaf5762ab5c3c00f33c30c15af06dcbff0c73bf112727", size = 255274, upload-time = "2026-06-22T23:08:31.876Z" },
    { url = "https://files.pythonhosted.org/packages/dc/be/b6d9efe447f8ba3c3c854195f326bd64c54b907d936cd2fdebf8767ec72e/coverage-7.14.3-cp312-cp312-manylinux2014_aarch64.manylinux_2_17_aarch64.manylinux_2_28_aarch64.whl", hash = "sha256:4b60ca6d8af70473491a15a343cbabab2e8f9ea66a4376e81c7aa24876a6f977", size = 256389, upload-time = "2026-06-22T23:08:33.843Z" },
    { url = "https://files.pythonhosted.org/packages/d4/3c/f26e50acc429e608bc534ac06f0a3c169019c798178ec5e9de3dbc0df9c9/coverage-7.14.3-cp312-cp312-manylinux2014_ppc64le.manylinux_2_17_ppc64le.manylinux_2_28_ppc64le.whl", hash = "sha256:c90a7cdd5e380e1ce02f19792e2ac2fbfbf177e35a27e69fd3e873b30d895c0c", size = 258648, upload-time = "2026-06-22T23:08:35.481Z" },
    { url = "https://files.pythonhosted.org/packages/9e/a2/01c1fabf816c8e1dae197e258edf878a3d3ddc86fbda34b76e5794277d8f/coverage-7.14.3-cp312-cp312-manylinux_2_31_riscv64.manylinux_2_39_riscv64.whl", hash = "sha256:5d788e5fd55347eef06ca0732c77d04a264de67e8ff24631270cdff3767a60cf", size = 252949, upload-time = "2026-06-22T23:08:37.562Z" },
    { url = "https://files.pythonhosted.org/packages/89/c6/941166dd79c31fd44a13063780ae8d552eee0089a0a0930b9bdb7df554ed/coverage-7.14.3-cp312-cp312-musllinux_1_2_aarch64.whl", hash = "sha256:62c7f79db2851c95ef020e5d28b97afde3daf9f7febcd35b53e05638f729063f", size = 254310, upload-time = "2026-06-22T23:08:39.174Z" },
    { url = "https://files.pythonhosted.org/packages/10/31/80b1fd028201a961033ce95be3cd1e39e521b3762e6b4a1ac1616cb291e7/coverage-7.14.3-cp312-cp312-musllinux_1_2_i686.whl", hash = "sha256:90f7608aeb5d9b60b523b9fb2a4ee1973867cc4865a3f26fe6c7577073b70205", size = 252453, upload-time = "2026-06-22T23:08:40.84Z" },
    { url = "https://files.pythonhosted.org/packages/5f/85/c3d9addd94c4b524f3f4af0232075f5fe7170ce99a1386edff803e5934db/coverage-7.14.3-cp312-cp312-musllinux_1_2_ppc64le.whl", hash = "sha256:1e3b91f9c4740aeb571ecf82e5e8d8e4ab62d34fcb5a5d4e5baa38c6f7d2857c", size = 256522, upload-time = "2026-06-22T23:08:42.494Z" },
    { url = "https://files.pythonhosted.org/packages/91/14/e5a0575f73795af3a7a9ae13dadf812e17d32422896839987dc3f86947e1/coverage-7.14.3-cp312-cp312-musllinux_1_2_riscv64.whl", hash = "sha256:c946099774a7699de03cbd0ff0a64e21aed4525eed9d959adde4afe6d15758ef", size = 252023, upload-time = "2026-06-22T23:08:44.243Z" },
    { url = "https://files.pythonhosted.org/packages/38/9b/9652ee531937ce3b8a63a8896885b2b4a2d56adc30e53c9540c666286d88/coverage-7.14.3-cp312-cp312-musllinux_1_2_x86_64.whl", hash = "sha256:16b206e521feb8b7133a45754643dead0538489cf8b783b90cf5f4e3299625fd", size = 253893, upload-time = "2026-06-22T23:08:46.113Z" },
    { url = "https://files.pythonhosted.org/packages/b1/05/42678841c8c38e4b08bdfc48269f5a16dfbf5806000fe6a89b4cece3c691/coverage-7.14.3-cp312-cp312-win32.whl", hash = "sha256:ea3169c7116eb6cdf7608c6c7da9ecfcb3da40688e3a510fac2d1d2bafd6dc35", size = 222734, upload-time = "2026-06-22T23:08:47.858Z" },
    { url = "https://files.pythonhosted.org/packages/df/87/07a4fcee55177a25f1b52331a8e92cf4f2c53b1a9c75ce2981fd59c684ad/coverage-7.14.3-cp312-cp312-win_amd64.whl", hash = "sha256:7ea52fc08f007bcc494d4bb3df3851e95843d881860ba38fe2c64dc100db5e7d", size = 223266, upload-time = "2026-06-22T23:08:49.494Z" },
    { url = "https://files.pythonhosted.org/packages/aa/34/2b8b66a989282ea7b370beb49f50bab29470dc30bb0b03935b6b802782f7/coverage-7.14.3-cp312-cp312-win_arm64.whl", hash = "sha256:8cec0ad652ec57790970d817490105bd917d783c2f7b38d6b58a0ca312e1a336", size = 222655, upload-time = "2026-06-22T23:08:51.766Z" },
    { url = "https://files.pythonhosted.org/packages/eb/e3/a0aa32bfa3a081951f60a23bc0e7b512891ef0eecda1153cf1d8ba36c6b1/coverage-7.14.3-py3-none-any.whl", hash = "sha256:fb7e18afb6e903c1a92401a2f0501ac277dca527bb9ca6fe1f691a8a0026a0e8", size = 212469, upload-time = "2026-06-22T23:10:23.405Z" },
]

[[package]]
name = "faker"
version = "40.23.0"
source = { registry = "https://pypi.org/simple" }
dependencies = [
    { name = "tzdata", marker = "sys_platform == 'win32'" },
]
sdist = { url = "https://files.pythonhosted.org/packages/f3/d6/fc071e5754815d9058e12ab549cc88e90f8f4ecf4dc33b6b750cdf4b622d/faker-40.23.0.tar.gz", hash = "sha256:f135e563f1f95f19346bb680bc2e43570bc43b7893e566023746f51f32c69dfc", size = 1972975, upload-time = "2026-06-10T20:53:21.611Z" }
wheels = [
    { url = "https://files.pythonhosted.org/packages/64/5f/824e6fb3e9d63408151dc9173994fa65bde620a67dde3a59354f5aecd497/faker-40.23.0-py3-none-any.whl", hash = "sha256:775922453e54afa42eaf60eac478fa3a969357f224d09a8022b93e3ad88f18ae", size = 2013046, upload-time = "2026-06-10T20:53:19.226Z" },
]

[[package]]
name = "iniconfig"
version = "2.3.0"
source = { registry = "https://pypi.org/simple" }
sdist = { url = "https://files.pythonhosted.org/packages/72/34/14ca021ce8e5dfedc35312d08ba8bf51fdd999c576889fc2c24cb97f4f10/iniconfig-2.3.0.tar.gz", hash = "sha256:c76315c77db068650d49c5b56314774a7804df16fee4402c1f19d6d15d8c4730", size = 20503, upload-time = "2025-10-18T21:55:43.219Z" }
wheels = [
    { url = "https://files.pythonhosted.org/packages/cb/b1/3846dd7f199d53cb17f49cba7e651e9ce294d8497c8c150530ed11865bb8/iniconfig-2.3.0-py3-none-any.whl", hash = "sha256:f631c04d2c48c52b84d0d0549c99ff3859c98df65b3101406327ecc7d53fbf12", size = 7484, upload-time = "2025-10-18T21:55:41.639Z" },
]

[[package]]
name = "kafka-python"
version = "3.0.4"
source = { registry = "https://pypi.org/simple" }
sdist = { url = "https://files.pythonhosted.org/packages/94/7a/63fb615e6cf7c4c981d2096d2c92c744a62e207796140b0774aef9a40c6d/kafka_python-3.0.4.tar.gz", hash = "sha256:46bc616baf00943f6173050cb33273ccf7b5b69d2d41a71423fca31802c9f245", size = 506315, upload-time = "2026-06-23T15:43:32.182Z" }
wheels = [
    { url = "https://files.pythonhosted.org/packages/fe/7e/05e5e884daa38072902a5ddb1d8a3381c28776c955ed3ea61b8ee5a0f141/kafka_python-3.0.4-py3-none-any.whl", hash = "sha256:beca7bf510ff0ec9c00dce42e3ebbbb3f55994e747f250e8d002eb8407dda7e3", size = 610729, upload-time = "2026-06-23T15:43:30.355Z" },
]

[[package]]
name = "libcst"
version = "1.8.5"
source = { registry = "https://pypi.org/simple" }
dependencies = [
    { name = "pyyaml" },
]
sdist = { url = "https://files.pythonhosted.org/packages/5c/55/ca4552d7fe79a91b2a7b4fa39991e8a45a17c8bfbcaf264597d95903c777/libcst-1.8.5.tar.gz", hash = "sha256:e72e1816eed63f530668e93a4c22ff1cf8b91ddce0ec53e597d3f6c53e103ec7", size = 884582, upload-time = "2025-09-26T05:29:44.101Z" }
wheels = [
    { url = "https://files.pythonhosted.org/packages/13/bb/c7abe0654fcf00292d6959256948ce4ae07785c4f65a45c3e25cc4637074/libcst-1.8.5-cp312-cp312-macosx_10_13_x86_64.whl", hash = "sha256:27c7733aba7b43239157661207b1e3a9f3711a7fc061a0eca6a33f0716fdfd21", size = 2196690, upload-time = "2025-09-26T05:28:17.839Z" },
    { url = "https://files.pythonhosted.org/packages/49/25/e7c02209e8ce66e7b75a66d132118f6f812a8b03cd31ee7d96de56c733a1/libcst-1.8.5-cp312-cp312-macosx_11_0_arm64.whl", hash = "sha256:b8c3cfbbf6049e3c587713652e4b3c88cfbf7df7878b2eeefaa8dd20a48dc607", size = 2082616, upload-time = "2025-09-26T05:28:19.794Z" },
    { url = "https://files.pythonhosted.org/packages/32/68/a4f49d99e3130256e225d639722440ba2682c12812a30ebd7ba64fd0fd31/libcst-1.8.5-cp312-cp312-manylinux_2_28_aarch64.whl", hash = "sha256:31d86025d8997c853f85c4b5d494f04a157fb962e24f187b4af70c7755c9b27d", size = 2229037, upload-time = "2025-09-26T05:28:21.459Z" },
    { url = "https://files.pythonhosted.org/packages/b2/62/4fa21600a0bf3eb9f4d4f8bbb50ef120fb0b2990195eabba997b0b889566/libcst-1.8.5-cp312-cp312-manylinux_2_28_x86_64.whl", hash = "sha256:ff9c535cfe99f0be79ac3024772b288570751fc69fc472b44fca12d1912d1561", size = 2292806, upload-time = "2025-09-26T05:28:23.033Z" },
    { url = "https://files.pythonhosted.org/packages/14/df/a01e8d54b62060698e37e3e28f77559ecb70c7b93ffee00d17e40221f419/libcst-1.8.5-cp312-cp312-musllinux_1_2_aarch64.whl", hash = "sha256:e8204607504563d3606bbaea2b9b04e0cef2b3bdc14c89171a702c1e09b9318a", size = 2294836, upload-time = "2025-09-26T05:28:24.937Z" },
    { url = "https://files.pythonhosted.org/packages/75/4f/c410e7f7ceda0558f688c1ca5dfb3a40ff8dfc527f8e6015fa749e11a650/libcst-1.8.5-cp312-cp312-musllinux_1_2_x86_64.whl", hash = "sha256:5e6cd3df72d47701b205fa3349ba8899566df82cef248c2fdf5f575d640419c4", size = 2396004, upload-time = "2025-09-26T05:28:26.582Z" },
    { url = "https://files.pythonhosted.org/packages/f0/07/bb77dcb94badad0ad3e5a1e992a4318dbdf40632eac3b5cf18299858ad7d/libcst-1.8.5-cp312-cp312-win_amd64.whl", hash = "sha256:197c2f86dd0ca5c6464184ddef7f6440d64c8da39b78d16fc053da6701ed1209", size = 2107301, upload-time = "2025-09-26T05:28:28.235Z" },
    { url = "https://files.pythonhosted.org/packages/79/70/e688e6d99d6920c3f97bf8bbaec33ac2c71a947730772a1d32dd899dbbf1/libcst-1.8.5-cp312-cp312-win_arm64.whl", hash = "sha256:c5ca109c9a81dff3d947dceba635a08f9c3dfeb7f61b0b824a175ef0a98ea69b", size = 1990870, upload-time = "2025-09-26T05:28:29.858Z" },
]

[[package]]
name = "linkify-it-py"
version = "2.1.0"
source = { registry = "https://pypi.org/simple" }
dependencies = [
    { name = "uc-micro-py" },
]
sdist = { url = "https://files.pythonhosted.org/packages/2e/c9/06ea13676ef354f0af6169587ae292d3e2406e212876a413bf9eece4eb23/linkify_it_py-2.1.0.tar.gz", hash = "sha256:43360231720999c10e9328dc3691160e27a718e280673d444c38d7d3aaa3b98b", size = 29158, upload-time = "2026-03-01T07:48:47.683Z" }
wheels = [
    { url = "https://files.pythonhosted.org/packages/b4/de/88b3be5c31b22333b3ca2f6ff1de4e863d8fe45aaea7485f591970ec1d3e/linkify_it_py-2.1.0-py3-none-any.whl", hash = "sha256:0d252c1594ecba2ecedc444053db5d3a9b7ec1b0dd929c8f1d74dce89f86c05e", size = 19878, upload-time = "2026-03-01T07:48:46.098Z" },
]

[[package]]
name = "markdown-it-py"
version = "4.2.0"
source = { registry = "https://pypi.org/simple" }
dependencies = [
    { name = "mdurl" },
]
sdist = { url = "https://files.pythonhosted.org/packages/06/ff/7841249c247aa650a76b9ee4bbaeae59370dc8bfd2f6c01f3630c35eb134/markdown_it_py-4.2.0.tar.gz", hash = "sha256:04a21681d6fbb623de53f6f364d352309d4094dd4194040a10fd51833e418d49", size = 82454, upload-time = "2026-05-07T12:08:28.36Z" }
wheels = [
    { url = "https://files.pythonhosted.org/packages/b3/81/4da04ced5a082363ecfa159c010d200ecbd959ae410c10c0264a38cac0f5/markdown_it_py-4.2.0-py3-none-any.whl", hash = "sha256:9f7ebbcd14fe59494226453aed97c1070d83f8d24b6fc3a3bcf9a38092641c4a", size = 91687, upload-time = "2026-05-07T12:08:27.182Z" },
]

[package.optional-dependencies]
linkify = [
    { name = "linkify-it-py" },
]

[[package]]
name = "mdit-py-plugins"
version = "0.6.1"
source = { registry = "https://pypi.org/simple" }
dependencies = [
    { name = "markdown-it-py" },
]
sdist = { url = "https://files.pythonhosted.org/packages/59/fc/f8d0863f8862f25602c0404d75568e89fb6b4109804645e5cdfb1be5cf56/mdit_py_plugins-0.6.1.tar.gz", hash = "sha256:a2bca0f039f39dbd35fb74ae1b5f998608c437463371f0ff7f49a19a17a114d0", size = 56114, upload-time = "2026-05-13T09:03:38.91Z" }
wheels = [
    { url = "https://files.pythonhosted.org/packages/a5/69/6da5581c6a7fede7dc261bf4e67d6adca4196f176b43288b55b3db395b6e/mdit_py_plugins-0.6.1-py3-none-any.whl", hash = "sha256:214c82fb2ac524472ab6a5bcab1de80f73b50443e187f401bfd77efbc7c6481d", size = 66663, upload-time = "2026-05-13T09:03:37.76Z" },
]

[[package]]
name = "mdurl"
version = "0.1.2"
source = { registry = "https://pypi.org/simple" }
sdist = { url = "https://files.pythonhosted.org/packages/d6/54/cfe61301667036ec958cb99bd3efefba235e65cdeb9c84d24a8293ba1d90/mdurl-0.1.2.tar.gz", hash = "sha256:bb413d29f5eea38f31dd4754dd7377d4465116fb207585f97bf925588687c1ba", size = 8729, upload-time = "2022-08-14T12:40:10.846Z" }
wheels = [
    { url = "https://files.pythonhosted.org/packages/b3/38/89ba8ad64ae25be8de66a6d463314cf1eb366222074cfda9ee839c56a4b4/mdurl-0.1.2-py3-none-any.whl", hash = "sha256:84008a41e51615a49fc9966191ff91509e3c40b939176e643fd50a5c2196b8f8", size = 9979, upload-time = "2022-08-14T12:40:09.779Z" },
]

[[package]]
name = "mutmut"
version = "3.6.0"
source = { registry = "https://pypi.org/simple" }
dependencies = [
    { name = "click" },
    { name = "coverage" },
    { name = "libcst" },
    { name = "pytest" },
    { name = "setproctitle" },
    { name = "textual" },
]
sdist = { url = "https://files.pythonhosted.org/packages/af/b0/ebcae42b90b07756b7aa10c4176835f436332e6c1cb28bc35bae83462382/mutmut-3.6.0.tar.gz", hash = "sha256:bcbd3e4d0d2d4edf3dfb42955417279a8866a3dbbcb87d619f2f3fd0ac7fafda", size = 51538, upload-time = "2026-06-06T07:44:51.798Z" }
wheels = [
    { url = "https://files.pythonhosted.org/packages/a9/5a/a0caa3f9db407b5d12c311bd4c87aa67fdd6e3f329377149e303108a1c51/mutmut-3.6.0-py3-none-any.whl", hash = "sha256:a9f5b8dcf6cbf9496769d7cf8bdbba37a0ec709ad98f88d103238b62f10bdf37", size = 47770, upload-time = "2026-06-06T07:44:50.038Z" },
]

[[package]]
name = "numpy"
version = "2.5.0"
source = { registry = "https://pypi.org/simple" }
sdist = { url = "https://files.pythonhosted.org/packages/e7/05/3d27272d30698dc0ecb7fdfaa41ad70303b444f81722bb99bce1d818638a/numpy-2.5.0.tar.gz", hash = "sha256:5a129578019311b6e56bdd714250f19b518f7dceeeb8d1af5490f4942d3f891c", size = 20652461, upload-time = "2026-06-21T20:57:51.95Z" }
wheels = [
    { url = "https://files.pythonhosted.org/packages/fa/0a/11486d02add7b1384dff7374d124b1cfbb0ee864dcc9f6a2c0380638cf84/numpy-2.5.0-cp312-cp312-macosx_10_13_x86_64.whl", hash = "sha256:489780423903667933b4ed6197b6ec3b75ea5dd17d1d8f0f38d798feb6921561", size = 16789987, upload-time = "2026-06-21T20:56:16.657Z" },
    { url = "https://files.pythonhosted.org/packages/55/b2/285f48640a181947b4587a3766d21ec1eaa7fea833d4b49957e09da467a2/numpy-2.5.0-cp312-cp312-macosx_11_0_arm64.whl", hash = "sha256:ece55976ced6bca95a03ae2839e2e5ccffe8eb6a3e7022415645eb154a81e4e6", size = 11760322, upload-time = "2026-06-21T20:56:19.813Z" },
    { url = "https://files.pythonhosted.org/packages/dd/67/b032db1eb03ca30d16eda3b0c22aaa615338b9263c2fd559d0f29451aca4/numpy-2.5.0-cp312-cp312-macosx_14_0_arm64.whl", hash = "sha256:c83b664b0e6eee9594fa920cf0639d8af796606d3fad6cc70180c87e4b97c7be", size = 5319605, upload-time = "2026-06-21T20:56:22.173Z" },
    { url = "https://files.pythonhosted.org/packages/b9/83/03fc7300c7c6b6c84c487b1dc80d322817b95fbd1f4dd57a85e23b7198de/numpy-2.5.0-cp312-cp312-macosx_14_0_x86_64.whl", hash = "sha256:bf80333980bf37f523341ddd72c783f39d6829ec7736b9eb99086388a2d52cc2", size = 6653628, upload-time = "2026-06-21T20:56:23.914Z" },
    { url = "https://files.pythonhosted.org/packages/82/49/2ec21730bc63ccfda829323f7040a8ed4715b3852ce658689cf74ee96a8c/numpy-2.5.0-cp312-cp312-manylinux_2_27_aarch64.manylinux_2_28_aarch64.whl", hash = "sha256:a1a4874217b36d5ac8fc876f52e39df56f8182c88463e9e2dceabf7ca8b7efb8", size = 15153691, upload-time = "2026-06-21T20:56:25.631Z" },
    { url = "https://files.pythonhosted.org/packages/bb/6b/f4a3d0637692c49da8ef99d72d52526f92e0a8d6ac4f0ca9f31441b9d9ea/numpy-2.5.0-cp312-cp312-manylinux_2_27_x86_64.manylinux_2_28_x86_64.whl", hash = "sha256:aaa760137137e8d3c920d27927748215b56014f92667dc9b6c27dfc61249255a", size = 16660066, upload-time = "2026-06-21T20:56:28.009Z" },
    { url = "https://files.pythonhosted.org/packages/3a/2f/c354ec86d1f3f5c19649463b0d39652e160736e5b0a4cd18dff0576715c4/numpy-2.5.0-cp312-cp312-musllinux_1_2_aarch64.whl", hash = "sha256:7174ce8265fc7f7417d171c9ea8fe905220748893ea67a2a7abe726ec331c4b0", size = 16514638, upload-time = "2026-06-21T20:56:30.26Z" },
    { url = "https://files.pythonhosted.org/packages/06/34/43efdcb319988648580f93c11f1ae82cf7e2faa74925e98e454ae3aa95f8/numpy-2.5.0-cp312-cp312-musllinux_1_2_x86_64.whl", hash = "sha256:b8c3daaf99de52415d20b42f8e8155c78642cb04207d02f9d317a0dcf1b3fb54", size = 18419647, upload-time = "2026-06-21T20:56:32.41Z" },
    { url = "https://files.pythonhosted.org/packages/71/e2/f5d1676b1d7fb682eb5e9a1641e7ebd2414b3216c370661d1029778908b4/numpy-2.5.0-cp312-cp312-win32.whl", hash = "sha256:6206db0af545d73d068add6d992279145f158428d1da6cc49adc4b630c5d6ee5", size = 6056688, upload-time = "2026-06-21T20:56:34.657Z" },
    { url = "https://files.pythonhosted.org/packages/8f/7c/48f115d1c58a34032facebcd51fdf2d02df2c51d4a46a81dd1197bb2ea6b/numpy-2.5.0-cp312-cp312-win_amd64.whl", hash = "sha256:6f2d6873e2940c860a309d21e25b1e69af6aaffdd80aa056b04c16380db1c4f2", size = 12419237, upload-time = "2026-06-21T20:56:36.24Z" },
    { url = "https://files.pythonhosted.org/packages/86/26/2e0882f4044d1b1a1b63e875151fb2393389032022a8b7f5657a7996d3b2/numpy-2.5.0-cp312-cp312-win_arm64.whl", hash = "sha256:a55e1eb2bca2cfd17a16b213c99dfc8502d47b0d494224d2122277d0400935ca", size = 10339912, upload-time = "2026-06-21T20:56:38.733Z" },
]

[[package]]
name = "packaging"
version = "26.2"
source = { registry = "https://pypi.org/simple" }
sdist = { url = "https://files.pythonhosted.org/packages/d7/f1/e7a6dd94a8d4a5626c03e4e99c87f241ba9e350cd9e6d75123f992427270/packaging-26.2.tar.gz", hash = "sha256:ff452ff5a3e828ce110190feff1178bb1f2ea2281fa2075aadb987c2fb221661", size = 228134, upload-time = "2026-04-24T20:15:23.917Z" }
wheels = [
    { url = "https://files.pythonhosted.org/packages/df/b2/87e62e8c3e2f4b32e5fe99e0b86d576da1312593b39f47d8ceef365e95ed/packaging-26.2-py3-none-any.whl", hash = "sha256:5fc45236b9446107ff2415ce77c807cee2862cb6fac22b8a73826d0693b0980e", size = 100195, upload-time = "2026-04-24T20:15:22.081Z" },
]

[[package]]
name = "platformdirs"
version = "4.10.0"
source = { registry = "https://pypi.org/simple" }
sdist = { url = "https://files.pythonhosted.org/packages/d7/47/e4501f49c178ae1d9f4a75073fda4204f52647993f075a9db4d14930e0c5/platformdirs-4.10.0.tar.gz", hash = "sha256:31e761a6a0ca04faf7353ea759bdba55652be214725111e5aac52dfa29d4bef7", size = 31224, upload-time = "2026-05-28T03:32:53.587Z" }
wheels = [
    { url = "https://files.pythonhosted.org/packages/81/e6/cd9575ac904136b3cbf7aa7ee819ef86eedb7274e46f230e94ea4342e729/platformdirs-4.10.0-py3-none-any.whl", hash = "sha256:fb516cdb12eb0d857d0cd85a7c57cea4d060bee4578d6cf5a14dfdf8cbf8784a", size = 22743, upload-time = "2026-05-28T03:32:52.175Z" },
]

[[package]]
name = "pluggy"
version = "1.6.0"
source = { registry = "https://pypi.org/simple" }
sdist = { url = "https://files.pythonhosted.org/packages/f9/e2/3e91f31a7d2b083fe6ef3fa267035b518369d9511ffab804f839851d2779/pluggy-1.6.0.tar.gz", hash = "sha256:7dcc130b76258d33b90f61b658791dede3486c3e6bfb003ee5c9bfb396dd22f3", size = 69412, upload-time = "2025-05-15T12:30:07.975Z" }
wheels = [
    { url = "https://files.pythonhosted.org/packages/54/20/4d324d65cc6d9205fabedc306948156824eb9f0ee1633355a8f7ec5c66bf/pluggy-1.6.0-py3-none-any.whl", hash = "sha256:e920276dd6813095e9377c0bc5566d94c932c33b27a3e3945d8389c374dd4746", size = 20538, upload-time = "2025-05-15T12:30:06.134Z" },
]

[[package]]
name = "py-cpuinfo"
version = "9.0.0"
source = { registry = "https://pypi.org/simple" }
sdist = { url = "https://files.pythonhosted.org/packages/37/a8/d832f7293ebb21690860d2e01d8115e5ff6f2ae8bbdc953f0eb0fa4bd2c7/py-cpuinfo-9.0.0.tar.gz", hash = "sha256:3cdbbf3fac90dc6f118bfd64384f309edeadd902d7c8fb17f02ffa1fc3f49690", size = 104716, upload-time = "2022-10-25T20:38:06.303Z" }
wheels = [
    { url = "https://files.pythonhosted.org/packages/e0/a9/023730ba63db1e494a271cb018dcd361bd2c917ba7004c3e49d5daf795a2/py_cpuinfo-9.0.0-py3-none-any.whl", hash = "sha256:859625bc251f64e21f077d099d4162689c762b5d6a4c3c97553d56241c9674d5", size = 22335, upload-time = "2022-10-25T20:38:27.636Z" },
]

[[package]]
name = "py4j"
version = "0.10.8.1"
source = { registry = "https://pypi.org/simple" }
sdist = { url = "https://files.pythonhosted.org/packages/c0/e3/1f110e6c069522ba7a8dc215ff1c343b6bc1f98d84e6d627ca2708426eaa/py4j-0.10.8.1.zip", hash = "sha256:8329bb156a0cf37be9642a2a060dbdb627b5fcb827919be65d95102daccca274", size = 1102033, upload-time = "2018-10-21T10:36:47.852Z" }
wheels = [
    { url = "https://files.pythonhosted.org/packages/04/de/2d314a921ef4c20b283e1de94e0780273678caac901564df06b948e4ba9b/py4j-0.10.8.1-py2.py3-none-any.whl", hash = "sha256:51d994ae19a3eb35eaa45851081e25922500d59875606bf27ac0d40929724939", size = 196501, upload-time = "2018-10-21T10:36:45.851Z" },
]

[[package]]
name = "pygments"
version = "2.20.0"
source = { registry = "https://pypi.org/simple" }
sdist = { url = "https://files.pythonhosted.org/packages/c3/b2/bc9c9196916376152d655522fdcebac55e66de6603a76a02bca1b6414f6c/pygments-2.20.0.tar.gz", hash = "sha256:6757cd03768053ff99f3039c1a36d6c0aa0b263438fcab17520b30a303a82b5f", size = 4955991, upload-time = "2026-03-29T13:29:33.898Z" }
wheels = [
    { url = "https://files.pythonhosted.org/packages/f4/7e/a72dd26f3b0f4f2bf1dd8923c85f7ceb43172af56d63c7383eb62b332364/pygments-2.20.0-py3-none-any.whl", hash = "sha256:81a9e26dd42fd28a23a2d169d86d7ac03b46e2f8b59ed4698fb4785f946d0176", size = 1231151, upload-time = "2026-03-29T13:29:30.038Z" },
]

[[package]]
name = "pytest"
version = "9.1.1"
source = { registry = "https://pypi.org/simple" }
dependencies = [
    { name = "colorama", marker = "sys_platform == 'win32'" },
    { name = "iniconfig" },
    { name = "packaging" },
    { name = "pluggy" },
    { name = "pygments" },
]
sdist = { url = "https://files.pythonhosted.org/packages/e4/47/b9efed96c114afcfa3c9d3fe98a76a1d14c74a9e266d397cf6eb64be5e01/pytest-9.1.1.tar.gz", hash = "sha256:1088fbde8f2b49d95a549a195707afa7a76a3ce9bcadc26b6d71f0ffda5fe313", size = 1636369, upload-time = "2026-06-19T10:58:32.857Z" }
wheels = [
    { url = "https://files.pythonhosted.org/packages/24/25/1de2678b631f5a49215c6c96fff41ba892b0a34df68d6d80292b1b48aa7f/pytest-9.1.1-py3-none-any.whl", hash = "sha256:37a86b45efb9a47a61a36449063e8e18d0cab3161329fc099eb21783169c4f0c", size = 386536, upload-time = "2026-06-19T10:58:31.347Z" },
]

[[package]]
name = "pytest-benchmark"
version = "5.2.3"
source = { registry = "https://pypi.org/simple" }
dependencies = [
    { name = "py-cpuinfo" },
    { name = "pytest" },
]
sdist = { url = "https://files.pythonhosted.org/packages/24/34/9f732b76456d64faffbef6232f1f9dbec7a7c4999ff46282fa418bd1af66/pytest_benchmark-5.2.3.tar.gz", hash = "sha256:deb7317998a23c650fd4ff76e1230066a76cb45dcece0aca5607143c619e7779", size = 341340, upload-time = "2025-11-09T18:48:43.215Z" }
wheels = [
    { url = "https://files.pythonhosted.org/packages/33/29/e756e715a48959f1c0045342088d7ca9762a2f509b945f362a316e9412b7/pytest_benchmark-5.2.3-py3-none-any.whl", hash = "sha256:bc839726ad20e99aaa0d11a127445457b4219bdb9e80a1afc4b51da7f96b0803", size = 45255, upload-time = "2025-11-09T18:48:39.765Z" },
]

[[package]]
name = "pytest-cov"
version = "7.1.0"
source = { registry = "https://pypi.org/simple" }
dependencies = [
    { name = "coverage" },
    { name = "pluggy" },
    { name = "pytest" },
]
sdist = { url = "https://files.pythonhosted.org/packages/b1/51/a849f96e117386044471c8ec2bd6cfebacda285da9525c9106aeb28da671/pytest_cov-7.1.0.tar.gz", hash = "sha256:30674f2b5f6351aa09702a9c8c364f6a01c27aae0c1366ae8016160d1efc56b2", size = 55592, upload-time = "2026-03-21T20:11:16.284Z" }
wheels = [
    { url = "https://files.pythonhosted.org/packages/9d/7a/d968e294073affff457b041c2be9868a40c1c71f4a35fcc1e45e5493067b/pytest_cov-7.1.0-py3-none-any.whl", hash = "sha256:a0461110b7865f9a271aa1b51e516c9a95de9d696734a2f71e3e78f46e1d4678", size = 22876, upload-time = "2026-03-21T20:11:14.438Z" },
]

[[package]]
name = "python-dateutil"
version = "2.9.0.post0"
source = { registry = "https://pypi.org/simple" }
dependencies = [
    { name = "six" },
]
sdist = { url = "https://files.pythonhosted.org/packages/66/c0/0c8b6ad9f17a802ee498c46e004a0eb49bc148f2fd230864601a86dcf6db/python-dateutil-2.9.0.post0.tar.gz", hash = "sha256:37dd54208da7e1cd875388217d5e00ebd4179249f90fb72437e91a35459a0ad3", size = 342432, upload-time = "2024-03-01T18:36:20.211Z" }
wheels = [
    { url = "https://files.pythonhosted.org/packages/ec/57/56b9bcc3c9c6a792fcbaf139543cee77261f3651ca9da0c93f5c1221264b/python_dateutil-2.9.0.post0-py2.py3-none-any.whl", hash = "sha256:a8b2bc7bffae282281c8140a97d3aa9c14da0b136dfe83f850eea9a5f7470427", size = 229892, upload-time = "2024-03-01T18:36:18.57Z" },
]

[[package]]
name = "pyyaml"
version = "6.0.3"
source = { registry = "https://pypi.org/simple" }
sdist = { url = "https://files.pythonhosted.org/packages/05/8e/961c0007c59b8dd7729d542c61a4d537767a59645b82a0b521206e1e25c2/pyyaml-6.0.3.tar.gz", hash = "sha256:d76623373421df22fb4cf8817020cbb7ef15c725b9d5e45f17e189bfc384190f", size = 130960, upload-time = "2025-09-25T21:33:16.546Z" }
wheels = [
    { url = "https://files.pythonhosted.org/packages/d1/33/422b98d2195232ca1826284a76852ad5a86fe23e31b009c9886b2d0fb8b2/pyyaml-6.0.3-cp312-cp312-macosx_10_13_x86_64.whl", hash = "sha256:7f047e29dcae44602496db43be01ad42fc6f1cc0d8cd6c83d342306c32270196", size = 182063, upload-time = "2025-09-25T21:32:11.445Z" },
    { url = "https://files.pythonhosted.org/packages/89/a0/6cf41a19a1f2f3feab0e9c0b74134aa2ce6849093d5517a0c550fe37a648/pyyaml-6.0.3-cp312-cp312-macosx_11_0_arm64.whl", hash = "sha256:fc09d0aa354569bc501d4e787133afc08552722d3ab34836a80547331bb5d4a0", size = 173973, upload-time = "2025-09-25T21:32:12.492Z" },
    { url = "https://files.pythonhosted.org/packages/ed/23/7a778b6bd0b9a8039df8b1b1d80e2e2ad78aa04171592c8a5c43a56a6af4/pyyaml-6.0.3-cp312-cp312-manylinux2014_aarch64.manylinux_2_17_aarch64.manylinux_2_28_aarch64.whl", hash = "sha256:9149cad251584d5fb4981be1ecde53a1ca46c891a79788c0df828d2f166bda28", size = 775116, upload-time = "2025-09-25T21:32:13.652Z" },
    { url = "https://files.pythonhosted.org/packages/65/30/d7353c338e12baef4ecc1b09e877c1970bd3382789c159b4f89d6a70dc09/pyyaml-6.0.3-cp312-cp312-manylinux2014_s390x.manylinux_2_17_s390x.manylinux_2_28_s390x.whl", hash = "sha256:5fdec68f91a0c6739b380c83b951e2c72ac0197ace422360e6d5a959d8d97b2c", size = 844011, upload-time = "2025-09-25T21:32:15.21Z" },
    { url = "https://files.pythonhosted.org/packages/8b/9d/b3589d3877982d4f2329302ef98a8026e7f4443c765c46cfecc8858c6b4b/pyyaml-6.0.3-cp312-cp312-manylinux2014_x86_64.manylinux_2_17_x86_64.manylinux_2_28_x86_64.whl", hash = "sha256:ba1cc08a7ccde2d2ec775841541641e4548226580ab850948cbfda66a1befcdc", size = 807870, upload-time = "2025-09-25T21:32:16.431Z" },
    { url = "https://files.pythonhosted.org/packages/05/c0/b3be26a015601b822b97d9149ff8cb5ead58c66f981e04fedf4e762f4bd4/pyyaml-6.0.3-cp312-cp312-musllinux_1_2_aarch64.whl", hash = "sha256:8dc52c23056b9ddd46818a57b78404882310fb473d63f17b07d5c40421e47f8e", size = 761089, upload-time = "2025-09-25T21:32:17.56Z" },
    { url = "https://files.pythonhosted.org/packages/be/8e/98435a21d1d4b46590d5459a22d88128103f8da4c2d4cb8f14f2a96504e1/pyyaml-6.0.3-cp312-cp312-musllinux_1_2_x86_64.whl", hash = "sha256:41715c910c881bc081f1e8872880d3c650acf13dfa8214bad49ed4cede7c34ea", size = 790181, upload-time = "2025-09-25T21:32:18.834Z" },
    { url = "https://files.pythonhosted.org/packages/74/93/7baea19427dcfbe1e5a372d81473250b379f04b1bd3c4c5ff825e2327202/pyyaml-6.0.3-cp312-cp312-win32.whl", hash = "sha256:96b533f0e99f6579b3d4d4995707cf36df9100d67e0c8303a0c55b27b5f99bc5", size = 137658, upload-time = "2025-09-25T21:32:20.209Z" },
    { url = "https://files.pythonhosted.org/packages/86/bf/899e81e4cce32febab4fb42bb97dcdf66bc135272882d1987881a4b519e9/pyyaml-6.0.3-cp312-cp312-win_amd64.whl", hash = "sha256:5fcd34e47f6e0b794d17de1b4ff496c00986e1c83f7ab2fb8fcfe9616ff7477b", size = 154003, upload-time = "2025-09-25T21:32:21.167Z" },
    { url = "https://files.pythonhosted.org/packages/1a/08/67bd04656199bbb51dbed1439b7f27601dfb576fb864099c7ef0c3e55531/pyyaml-6.0.3-cp312-cp312-win_arm64.whl", hash = "sha256:64386e5e707d03a7e172c0701abfb7e10f0fb753ee1d773128192742712a98fd", size = 140344, upload-time = "2025-09-25T21:32:22.617Z" },
]

[[package]]
name = "rich"
version = "15.0.0"
source = { registry = "https://pypi.org/simple" }
dependencies = [
    { name = "markdown-it-py" },
    { name = "pygments" },
]
sdist = { url = "https://files.pythonhosted.org/packages/c0/8f/0722ca900cc807c13a6a0c696dacf35430f72e0ec571c4275d2371fca3e9/rich-15.0.0.tar.gz", hash = "sha256:edd07a4824c6b40189fb7ac9bc4c52536e9780fbbfbddf6f1e2502c31b068c36", size = 230680, upload-time = "2026-04-12T08:24:00.75Z" }
wheels = [
    { url = "https://files.pythonhosted.org/packages/82/3b/64d4899d73f91ba49a8c18a8ff3f0ea8f1c1d75481760df8c68ef5235bf5/rich-15.0.0-py3-none-any.whl", hash = "sha256:33bd4ef74232fb73fe9279a257718407f169c09b78a87ad3d296f548e27de0bb", size = 310654, upload-time = "2026-04-12T08:24:02.83Z" },
]

[[package]]
name = "setproctitle"
version = "1.3.7"
source = { registry = "https://pypi.org/simple" }
sdist = { url = "https://files.pythonhosted.org/packages/8d/48/49393a96a2eef1ab418b17475fb92b8fcfad83d099e678751b05472e69de/setproctitle-1.3.7.tar.gz", hash = "sha256:bc2bc917691c1537d5b9bca1468437176809c7e11e5694ca79a9ca12345dcb9e", size = 27002, upload-time = "2025-09-05T12:51:25.278Z" }
wheels = [
    { url = "https://files.pythonhosted.org/packages/fb/f0/2dc88e842077719d7384d86cc47403e5102810492b33680e7dadcee64cd8/setproctitle-1.3.7-cp312-cp312-macosx_10_13_universal2.whl", hash = "sha256:2dc99aec591ab6126e636b11035a70991bc1ab7a261da428491a40b84376654e", size = 18049, upload-time = "2025-09-05T12:49:36.241Z" },
    { url = "https://files.pythonhosted.org/packages/f0/b4/50940504466689cda65680c9e9a1e518e5750c10490639fa687489ac7013/setproctitle-1.3.7-cp312-cp312-macosx_11_0_arm64.whl", hash = "sha256:cdd8aa571b7aa39840fdbea620e308a19691ff595c3a10231e9ee830339dd798", size = 13079, upload-time = "2025-09-05T12:49:38.088Z" },
    { url = "https://files.pythonhosted.org/packages/d0/99/71630546b9395b095f4082be41165d1078204d1696c2d9baade3de3202d0/setproctitle-1.3.7-cp312-cp312-manylinux1_x86_64.manylinux_2_28_x86_64.manylinux_2_5_x86_64.whl", hash = "sha256:2906b6c7959cdb75f46159bf0acd8cc9906cf1361c9e1ded0d065fe8f9039629", size = 32932, upload-time = "2025-09-05T12:49:39.271Z" },
    { url = "https://files.pythonhosted.org/packages/50/22/cee06af4ffcfb0e8aba047bd44f5262e644199ae7527ae2c1f672b86495c/setproctitle-1.3.7-cp312-cp312-manylinux2014_aarch64.manylinux_2_17_aarch64.manylinux_2_28_aarch64.whl", hash = "sha256:6915964a6dda07920a1159321dcd6d94fc7fc526f815ca08a8063aeca3c204f1", size = 33736, upload-time = "2025-09-05T12:49:40.565Z" },
    { url = "https://files.pythonhosted.org/packages/5c/00/a5949a8bb06ef5e7df214fc393bb2fb6aedf0479b17214e57750dfdd0f24/setproctitle-1.3.7-cp312-cp312-manylinux2014_ppc64le.manylinux_2_17_ppc64le.manylinux_2_28_ppc64le.whl", hash = "sha256:cff72899861c765bd4021d1ff1c68d60edc129711a2fdba77f9cb69ef726a8b6", size = 35605, upload-time = "2025-09-05T12:49:42.362Z" },
    { url = "https://files.pythonhosted.org/packages/b0/3a/50caca532a9343828e3bf5778c7a84d6c737a249b1796d50dd680290594d/setproctitle-1.3.7-cp312-cp312-musllinux_1_2_aarch64.whl", hash = "sha256:b7cb05bd446687ff816a3aaaf831047fc4c364feff7ada94a66024f1367b448c", size = 33143, upload-time = "2025-09-05T12:49:43.515Z" },
    { url = "https://files.pythonhosted.org/packages/ca/14/b843a251296ce55e2e17c017d6b9f11ce0d3d070e9265de4ecad948b913d/setproctitle-1.3.7-cp312-cp312-musllinux_1_2_ppc64le.whl", hash = "sha256:3a57b9a00de8cae7e2a1f7b9f0c2ac7b69372159e16a7708aa2f38f9e5cc987a", size = 34434, upload-time = "2025-09-05T12:49:45.31Z" },
    { url = "https://files.pythonhosted.org/packages/c8/b7/06145c238c0a6d2c4bc881f8be230bb9f36d2bf51aff7bddcb796d5eed67/setproctitle-1.3.7-cp312-cp312-musllinux_1_2_x86_64.whl", hash = "sha256:d8828b356114f6b308b04afe398ed93803d7fca4a955dd3abe84430e28d33739", size = 32795, upload-time = "2025-09-05T12:49:46.419Z" },
    { url = "https://files.pythonhosted.org/packages/ef/dc/ef76a81fac9bf27b84ed23df19c1f67391a753eed6e3c2254ebcb5133f56/setproctitle-1.3.7-cp312-cp312-win32.whl", hash = "sha256:b0304f905efc845829ac2bc791ddebb976db2885f6171f4a3de678d7ee3f7c9f", size = 12552, upload-time = "2025-09-05T12:49:47.635Z" },
    { url = "https://files.pythonhosted.org/packages/e2/5b/a9fe517912cd6e28cf43a212b80cb679ff179a91b623138a99796d7d18a0/setproctitle-1.3.7-cp312-cp312-win_amd64.whl", hash = "sha256:9888ceb4faea3116cf02a920ff00bfbc8cc899743e4b4ac914b03625bdc3c300", size = 13247, upload-time = "2025-09-05T12:49:49.16Z" },
]

[[package]]
name = "six"
version = "1.17.0"
source = { registry = "https://pypi.org/simple" }
sdist = { url = "https://files.pythonhosted.org/packages/94/e7/b2c673351809dca68a0e064b6af791aa332cf192da575fd474ed7d6f16a2/six-1.17.0.tar.gz", hash = "sha256:ff70335d468e7eb6ec65b95b99d3a2836546063f63acc5171de367e834932a81", size = 34031, upload-time = "2024-12-04T17:35:28.174Z" }
wheels = [
    { url = "https://files.pythonhosted.org/packages/b7/ce/149a00dd41f10bc29e5921b496af8b574d8413afcd5e30dfa0ed46c2cc5e/six-1.17.0-py2.py3-none-any.whl", hash = "sha256:4721f391ed90541fddacab5acf947aa0d3dc7d27b2e1e8eda2be8970586c3274", size = 11050, upload-time = "2024-12-04T17:35:26.475Z" },
]

[[package]]
name = "textual"
version = "8.2.7"
source = { registry = "https://pypi.org/simple" }
dependencies = [
    { name = "markdown-it-py", extra = ["linkify"] },
    { name = "mdit-py-plugins" },
    { name = "platformdirs" },
    { name = "pygments" },
    { name = "rich" },
    { name = "typing-extensions" },
]
sdist = { url = "https://files.pythonhosted.org/packages/9b/7a/c519db0aba5024f86e71e9631810bfdd6866ed2c8695bd7fa34b90e7ef59/textual-8.2.7.tar.gz", hash = "sha256:658f568ff81e30ed43890c3e07520390e5cf1b4763822006e060656b0a88f105", size = 1859249, upload-time = "2026-05-19T10:52:49.531Z" }
wheels = [
    { url = "https://files.pythonhosted.org/packages/a8/f5/c1e18bc0707300a0e90204343abbf7d7acd6fb7ebe03a6d4893b99a234b8/textual-8.2.7-py3-none-any.whl", hash = "sha256:4caaa13a90bc4cf9c6c862c067ccd34fe84e9c161710a2a907a8026313b6bd73", size = 731129, upload-time = "2026-05-19T10:52:51.773Z" },
]

[[package]]
name = "tirocinio"
version = "0.1.0"
source = { virtual = "." }
dependencies = [
    { name = "apache-flink" },
    { name = "kafka-python" },
    { name = "numpy" },
]

[package.dev-dependencies]
dev = [
    { name = "faker" },
    { name = "mutmut" },
    { name = "pytest" },
    { name = "pytest-benchmark" },
    { name = "pytest-cov" },
]

[package.metadata]
requires-dist = [
    { name = "apache-flink", specifier = ">=1.9.3" },
    { name = "kafka-python", specifier = ">=3.0.4" },
    { name = "numpy", specifier = ">=2.5.0" },
]

[package.metadata.requires-dev]
dev = [
    { name = "faker", specifier = ">=40.23.0" },
    { name = "mutmut", specifier = ">=3.6.0" },
    { name = "pytest", specifier = ">=9.1.1" },
    { name = "pytest-benchmark", specifier = ">=5.2.3" },
    { name = "pytest-cov", specifier = ">=7.1.0" },
]

[[package]]
name = "typing-extensions"
version = "4.15.0"
source = { registry = "https://pypi.org/simple" }
sdist = { url = "https://files.pythonhosted.org/packages/72/94/1a15dd82efb362ac84269196e94cf00f187f7ed21c242792a923cdb1c61f/typing_extensions-4.15.0.tar.gz", hash = "sha256:0cea48d173cc12fa28ecabc3b837ea3cf6f38c6d1136f85cbaaf598984861466", size = 109391, upload-time = "2025-08-25T13:49:26.313Z" }
wheels = [
    { url = "https://files.pythonhosted.org/packages/18/67/36e9267722cc04a6b9f15c7f3441c2363321a3ea07da7ae0c0707beb2a9c/typing_extensions-4.15.0-py3-none-any.whl", hash = "sha256:f0fa19c6845758ab08074a0cfa8b7aecb71c999ca73d62883bc25cc018c4e548", size = 44614, upload-time = "2025-08-25T13:49:24.86Z" },
]

[[package]]
name = "tzdata"
version = "2026.2"
source = { registry = "https://pypi.org/simple" }
sdist = { url = "https://files.pythonhosted.org/packages/ba/19/1b9b0e29f30c6d35cb345486df41110984ea67ae69dddbc0e8a100999493/tzdata-2026.2.tar.gz", hash = "sha256:9173fde7d80d9018e02a662e168e5a2d04f87c41ea174b139fbef642eda62d10", size = 198254, upload-time = "2026-04-24T15:22:08.651Z" }
wheels = [
    { url = "https://files.pythonhosted.org/packages/ce/e4/dccd7f47c4b64213ac01ef921a1337ee6e30e8c6466046018326977efd95/tzdata-2026.2-py2.py3-none-any.whl", hash = "sha256:bbe9af844f658da81a5f95019480da3a89415801f6cc966806612cc7169bffe7", size = 349321, upload-time = "2026-04-24T15:22:05.876Z" },
]

[[package]]
name = "uc-micro-py"
version = "2.0.0"
source = { registry = "https://pypi.org/simple" }
sdist = { url = "https://files.pythonhosted.org/packages/78/67/9a363818028526e2d4579334460df777115bdec1bb77c08f9db88f6389f2/uc_micro_py-2.0.0.tar.gz", hash = "sha256:c53691e495c8db60e16ffc4861a35469b0ba0821fe409a8a7a0a71864d33a811", size = 6611, upload-time = "2026-03-01T06:31:27.526Z" }
wheels = [
    { url = "https://files.pythonhosted.org/packages/61/73/d21edf5b204d1467e06500080a50f79d49ef2b997c79123a536d4a17d97c/uc_micro_py-2.0.0-py3-none-any.whl", hash = "sha256:3603a3859af53e5a39bc7677713c78ea6589ff188d70f4fee165db88e22b242c", size = 6383, upload-time = "2026-03-01T06:31:26.257Z" },
]
